{
    "requires": true,
    "lockfileVersion": 1,
    "dependencies": {
        "izitoast": {
            "version": "1.2.0",
            "resolved": "https://registry.npmjs.org/izitoast/-/izitoast-1.2.0.tgz",
            "integrity": "sha512-uL/2jx4wd5jpghw4ddu9kPipdlJWASXflb76Q9ZdnxjWnttc48VPenBy4Pi9sXd5nkUXcRUQ0LViNfAS9xolTg=="
        }
    }
}
